
Microsoft Visual Studio Solution File, Format Version 12.00
# Visual Studio 15
VisualStudioVersion = 15.0.27703.2026
MinimumVisualStudioVersion = 10.0.40219.1
Project("{FAE04EC0-301F-11D3-BF4B-00C04F79EFBC}") = "HelloWorldConsoleApp", "HelloWorldConsoleApp\HelloWorldConsoleApp.csproj", "{401B20AF-0D72-43C3-A310-C3227464880D}"
EndProject
Project("{FAE04EC0-301F-11D3-BF4B-00C04F79EFBC}") = "HelloWorldAPI", "HelloWorldAPI\HelloWorldAPI.csproj", "{3D379BBB-04C0-436C-962F-824959B62629}"
EndProject
Project("{FAE04EC0-301F-11D3-BF4B-00C04F79EFBC}") = "HelloWorldDLL", "HelloWorldDLL\HelloWorldDLL.csproj", "{1FE9438E-7331-4043-A5B8-0BB2A3629C61}"
EndProject
Project("{FAE04EC0-301F-11D3-BF4B-00C04F79EFBC}") = "HelloWorldWebApp", "HelloWorldWebApp\HelloWorldWebApp.csproj", "{9A47F984-DCBE-4CE7-AC5D-89C902FB2DF4}"
EndProject
Project("{FAE04EC0-301F-11D3-BF4B-00C04F79EFBC}") = "HelloWorldWebApp.Tests", "HelloWorldWebApp.Tests\HelloWorldWebApp.Tests.csproj", "{BC3FD3DB-F59C-4B2E-9DA8-FFA47788F267}"
EndProject
Project("{FAE04EC0-301F-11D3-BF4B-00C04F79EFBC}") = "UnitTestProjectHW", "UnitTestProjectHW\UnitTestProjectHW.csproj", "{5BC171FD-649F-4A60-BFA9-97E7539D5A27}"
EndProject
Global
	GlobalSection(SolutionConfigurationPlatforms) = preSolution
		Debug|Any CPU = Debug|Any CPU
		Release|Any CPU = Release|Any CPU
	EndGlobalSection
	GlobalSection(ProjectConfigurationPlatforms) = postSolution
		{401B20AF-0D72-43C3-A310-C3227464880D}.Debug|Any CPU.ActiveCfg = Debug|Any CPU
		{401B20AF-0D72-43C3-A310-C3227464880D}.Debug|Any CPU.Build.0 = Debug|Any CPU
		{401B20AF-0D72-43C3-A310-C3227464880D}.Release|Any CPU.ActiveCfg = Release|Any CPU
		{401B20AF-0D72-43C3-A310-C3227464880D}.Release|Any CPU.Build.0 = Release|Any CPU
		{3D379BBB-04C0-436C-962F-824959B62629}.Debug|Any CPU.ActiveCfg = Debug|Any CPU
		{3D379BBB-04C0-436C-962F-824959B62629}.Debug|Any CPU.Build.0 = Debug|Any CPU
		{3D379BBB-04C0-436C-962F-824959B62629}.Release|Any CPU.ActiveCfg = Release|Any CPU
		{3D379BBB-04C0-436C-962F-824959B62629}.Release|Any CPU.Build.0 = Release|Any CPU
		{1FE9438E-7331-4043-A5B8-0BB2A3629C61}.Debug|Any CPU.ActiveCfg = Debug|Any CPU
		{1FE9438E-7331-4043-A5B8-0BB2A3629C61}.Debug|Any CPU.Build.0 = Debug|Any CPU
		{1FE9438E-7331-4043-A5B8-0BB2A3629C61}.Release|Any CPU.ActiveCfg = Release|Any CPU
		{1FE9438E-7331-4043-A5B8-0BB2A3629C61}.Release|Any CPU.Build.0 = Release|Any CPU
		{9A47F984-DCBE-4CE7-AC5D-89C902FB2DF4}.Debug|Any CPU.ActiveCfg = Debug|Any CPU
		{9A47F984-DCBE-4CE7-AC5D-89C902FB2DF4}.Debug|Any CPU.Build.0 = Debug|Any CPU
		{9A47F984-DCBE-4CE7-AC5D-89C902FB2DF4}.Release|Any CPU.ActiveCfg = Release|Any CPU
		{9A47F984-DCBE-4CE7-AC5D-89C902FB2DF4}.Release|Any CPU.Build.0 = Release|Any CPU
		{BC3FD3DB-F59C-4B2E-9DA8-FFA47788F267}.Debug|Any CPU.ActiveCfg = Debug|Any CPU
		{BC3FD3DB-F59C-4B2E-9DA8-FFA47788F267}.Debug|Any CPU.Build.0 = Debug|Any CPU
		{BC3FD3DB-F59C-4B2E-9DA8-FFA47788F267}.Release|Any CPU.ActiveCfg = Release|Any CPU
		{BC3FD3DB-F59C-4B2E-9DA8-FFA47788F267}.Release|Any CPU.Build.0 = Release|Any CPU
		{5BC171FD-649F-4A60-BFA9-97E7539D5A27}.Debug|Any CPU.ActiveCfg = Debug|Any CPU
		{5BC171FD-649F-4A60-BFA9-97E7539D5A27}.Debug|Any CPU.Build.0 = Debug|Any CPU
		{5BC171FD-649F-4A60-BFA9-97E7539D5A27}.Release|Any CPU.ActiveCfg = Release|Any CPU
		{5BC171FD-649F-4A60-BFA9-97E7539D5A27}.Release|Any CPU.Build.0 = Release|Any CPU
	EndGlobalSection
	GlobalSection(SolutionProperties) = preSolution
		HideSolutionNode = FALSE
	EndGlobalSection
	GlobalSection(ExtensibilityGlobals) = postSolution
		SolutionGuid = {AA9FE2CB-53A5-49E2-9DDA-775649192A24}
	EndGlobalSection
EndGlobal
